
Microsoft Visual Studio Solution File, Format Version 12.00
# Visual Studio Version 17
VisualStudioVersion = 17.5.33516.290
MinimumVisualStudioVersion = 10.0.40219.1
Project("{FAE04EC0-301F-11D3-BF4B-00C04F79EFBC}") = "swap_numbers", "swap_numbers\swap_numbers.csproj", "{F382355F-B48F-46E4-9B08-203D7D31B757}"
EndProject
Global
	GlobalSection(SolutionConfigurationPlatforms) = preSolution
		Debug|Any CPU = Debug|Any CPU
		Release|Any CPU = Release|Any CPU
	EndGlobalSection
	GlobalSection(ProjectConfigurationPlatforms) = postSolution
		{F382355F-B48F-46E4-9B08-203D7D31B757}.Debug|Any CPU.ActiveCfg = Debug|Any CPU
		{F382355F-B48F-46E4-9B08-203D7D31B757}.Debug|Any CPU.Build.0 = Debug|Any CPU
		{F382355F-B48F-46E4-9B08-203D7D31B757}.Release|Any CPU.ActiveCfg = Release|Any CPU
		{F382355F-B48F-46E4-9B08-203D7D31B757}.Release|Any CPU.Build.0 = Release|Any CPU
	EndGlobalSection
	GlobalSection(SolutionProperties) = preSolution
		HideSolutionNode = FALSE
	EndGlobalSection
	GlobalSection(ExtensibilityGlobals) = postSolution
		SolutionGuid = {256BCFD8-D243-452C-8FC8-E257298D85F5}
	EndGlobalSection
EndGlobal
